// !$*UTF8*$!
{
	archiveVersion = 1;
	classes = {
	};
	objectVersion = 56;
	objects = {

/* Begin PBXBuildFile section */
		08896DCAFF1D58237D86ABCA /* Pods_TaskIOSTests.framework in Frameworks */ = {isa = PBXBuildFile; fileRef = 72BB6A04D96D25DB6573C4C6 /* Pods_TaskIOSTests.framework */; };
		1080EBB32A153F6D00397BE4 /* AppDelegate.swift in Sources */ = {isa = PBXBuildFile; fileRef = 1080EBB22A153F6D00397BE4 /* AppDelegate.swift */; };
		1080EBB52A153F6D00397BE4 /* SceneDelegate.swift in Sources */ = {isa = PBXBuildFile; fileRef = 1080EBB42A153F6D00397BE4 /* SceneDelegate.swift */; };
		1080EBB72A153F6D00397BE4 /* HomeVC.swift in Sources */ = {isa = PBXBuildFile; fileRef = 1080EBB62A153F6D00397BE4 /* HomeVC.swift */; };
		1080EBBA2A153F6D00397BE4 /* Main.storyboard in Resources */ = {isa = PBXBuildFile; fileRef = 1080EBB82A153F6D00397BE4 /* Main.storyboard */; };
		1080EBBD2A153F6D00397BE4 /* TaskIOS.xcdatamodeld in Sources */ = {isa = PBXBuildFile; fileRef = 1080EBBB2A153F6D00397BE4 /* TaskIOS.xcdatamodeld */; };
		1080EBBF2A153F6F00397BE4 /* Assets.xcassets in Resources */ = {isa = PBXBuildFile; fileRef = 1080EBBE2A153F6F00397BE4 /* Assets.xcassets */; };
		1080EBC22A153F6F00397BE4 /* LaunchScreen.storyboard in Resources */ = {isa = PBXBuildFile; fileRef = 1080EBC02A153F6F00397BE4 /* LaunchScreen.storyboard */; };
		1080EBCD2A153F6F00397BE4 /* TaskIOSTests.swift in Sources */ = {isa = PBXBuildFile; fileRef = 1080EBCC2A153F6F00397BE4 /* TaskIOSTests.swift */; };
		1080EBD72A153F6F00397BE4 /* TaskIOSUITests.swift in Sources */ = {isa = PBXBuildFile; fileRef = 1080EBD62A153F6F00397BE4 /* TaskIOSUITests.swift */; };
		1080EBD92A153F6F00397BE4 /* TaskIOSUITestsLaunchTests.swift in Sources */ = {isa = PBXBuildFile; fileRef = 1080EBD82A153F6F00397BE4 /* TaskIOSUITestsLaunchTests.swift */; };
		1080EBEB2A15412F00397BE4 /* HomeVC+Model.swift in Sources */ = {isa = PBXBuildFile; fileRef = 1080EBEA2A15412F00397BE4 /* HomeVC+Model.swift */; };
		1080EBED2A15413C00397BE4 /* HomeViewModel.swift in Sources */ = {isa = PBXBuildFile; fileRef = 1080EBEC2A15413C00397BE4 /* HomeViewModel.swift */; };
		1080EBF22A15419900397BE4 /* AlertSubscribtion.swift in Sources */ = {isa = PBXBuildFile; fileRef = 1080EBF12A15419900397BE4 /* AlertSubscribtion.swift */; };
		1080EBF52A1541C900397BE4 /* APIClientProtocol.swift in Sources */ = {isa = PBXBuildFile; fileRef = 1080EBF42A1541C900397BE4 /* APIClientProtocol.swift */; };
		1080EBF82A1541E800397BE4 /* NetworkConstants.swift in Sources */ = {isa = PBXBuildFile; fileRef = 1080EBF72A1541E800397BE4 /* NetworkConstants.swift */; };
		1080EBFA2A15422400397BE4 /* APIClient.swift in Sources */ = {isa = PBXBuildFile; fileRef = 1080EBF92A15422400397BE4 /* APIClient.swift */; };
		1080EBFC2A15431200397BE4 /* HomeServices.swift in Sources */ = {isa = PBXBuildFile; fileRef = 1080EBFB2A15431200397BE4 /* HomeServices.swift */; };
		1080EC002A154BB300397BE4 /* ViewControllerExt.swift in Sources */ = {isa = PBXBuildFile; fileRef = 1080EBFF2A154BB300397BE4 /* ViewControllerExt.swift */; };
		1080EC032A154E7C00397BE4 /* ArticleCell.swift in Sources */ = {isa = PBXBuildFile; fileRef = 1080EC012A154E7C00397BE4 /* ArticleCell.swift */; };
		1080EC042A154E7C00397BE4 /* ArticleCell.xib in Resources */ = {isa = PBXBuildFile; fileRef = 1080EC022A154E7C00397BE4 /* ArticleCell.xib */; };
		90C97DC0E1E03F5256EA7112 /* Pods_TaskIOS_TaskIOSUITests.framework in Frameworks */ = {isa = PBXBuildFile; fileRef = 8874C2E533248D48335EC9B7 /* Pods_TaskIOS_TaskIOSUITests.framework */; };
		F43EB9E0E1E8B061DA57C561 /* Pods_TaskIOS.framework in Frameworks */ = {isa = PBXBuildFile; fileRef = C015C277AC299DE15687A092 /* Pods_TaskIOS.framework */; };
/* End PBXBuildFile section */

/* Begin PBXContainerItemProxy section */
		1080EBC92A153F6F00397BE4 /* PBXContainerItemProxy */ = {
			isa = PBXContainerItemProxy;
			containerPortal = 1080EBA72A153F6D00397BE4 /* Project object */;
			proxyType = 1;
			remoteGlobalIDString = 1080EBAE2A153F6D00397BE4;
			remoteInfo = TaskIOS;
		};
		1080EBD32A153F6F00397BE4 /* PBXContainerItemProxy */ = {
			isa = PBXContainerItemProxy;
			containerPortal = 1080EBA72A153F6D00397BE4 /* Project object */;
			proxyType = 1;
			remoteGlobalIDString = 1080EBAE2A153F6D00397BE4;
			remoteInfo = TaskIOS;
		};
/* End PBXContainerItemProxy section */

/* Begin PBXFileReference section */
		1080EBAF2A153F6D00397BE4 /* TaskIOS.app */ = {isa = PBXFileReference; explicitFileType = wrapper.application; includeInIndex = 0; path = TaskIOS.app; sourceTree = BUILT_PRODUCTS_DIR; };
		1080EBB22A153F6D00397BE4 /* AppDelegate.swift */ = {isa = PBXFileReference; lastKnownFileType = sourcecode.swift; path = AppDelegate.swift; sourceTree = "<group>"; };
		1080EBB42A153F6D00397BE4 /* SceneDelegate.swift */ = {isa = PBXFileReference; lastKnownFileType = sourcecode.swift; path = SceneDelegate.swift; sourceTree = "<group>"; };
		1080EBB62A153F6D00397BE4 /* HomeVC.swift */ = {isa = PBXFileReference; lastKnownFileType = sourcecode.swift; path = HomeVC.swift; sourceTree = "<group>"; };
		1080EBB92A153F6D00397BE4 /* Base */ = {isa = PBXFileReference; lastKnownFileType = file.storyboard; name = Base; path = Base.lproj/Main.storyboard; sourceTree = "<group>"; };
		1080EBBC2A153F6D00397BE4 /* TaskIOS.xcdatamodel */ = {isa = PBXFileReference; lastKnownFileType = wrapper.xcdatamodel; path = TaskIOS.xcdatamodel; sourceTree = "<group>"; };
		1080EBBE2A153F6F00397BE4 /* Assets.xcassets */ = {isa = PBXFileReference; lastKnownFileType = folder.assetcatalog; path = Assets.xcassets; sourceTree = "<group>"; };
		1080EBC12A153F6F00397BE4 /* Base */ = {isa = PBXFileReference; lastKnownFileType = file.storyboard; name = Base; path = Base.lproj/LaunchScreen.storyboard; sourceTree = "<group>"; };
		1080EBC32A153F6F00397BE4 /* Info.plist */ = {isa = PBXFileReference; lastKnownFileType = text.plist.xml; path = Info.plist; sourceTree = "<group>"; };
		1080EBC82A153F6F00397BE4 /* TaskIOSTests.xctest */ = {isa = PBXFileReference; explicitFileType = wrapper.cfbundle; includeInIndex = 0; path = TaskIOSTests.xctest; sourceTree = BUILT_PRODUCTS_DIR; };
		1080EBCC2A153F6F00397BE4 /* TaskIOSTests.swift */ = {isa = PBXFileReference; lastKnownFileType = sourcecode.swift; path = TaskIOSTests.swift; sourceTree = "<group>"; };
		1080EBD22A153F6F00397BE4 /* TaskIOSUITests.xctest */ = {isa = PBXFileReference; explicitFileType = wrapper.cfbundle; includeInIndex = 0; path = TaskIOSUITests.xctest; sourceTree = BUILT_PRODUCTS_DIR; };
		1080EBD62A153F6F00397BE4 /* TaskIOSUITests.swift */ = {isa = PBXFileReference; lastKnownFileType = sourcecode.swift; path = TaskIOSUITests.swift; sourceTree = "<group>"; };
		1080EBD82A153F6F00397BE4 /* TaskIOSUITestsLaunchTests.swift */ = {isa = PBXFileReference; lastKnownFileType = sourcecode.swift; path = TaskIOSUITestsLaunchTests.swift; sourceTree = "<group>"; };
		1080EBEA2A15412F00397BE4 /* HomeVC+Model.swift */ = {isa = PBXFileReference; lastKnownFileType = sourcecode.swift; path = "HomeVC+Model.swift"; sourceTree = "<group>"; };
		1080EBEC2A15413C00397BE4 /* HomeViewModel.swift */ = {isa = PBXFileReference; lastKnownFileType = sourcecode.swift; path = HomeViewModel.swift; sourceTree = "<group>"; };
		1080EBF12A15419900397BE4 /* AlertSubscribtion.swift */ = {isa = PBXFileReference; lastKnownFileType = sourcecode.swift; path = AlertSubscribtion.swift; sourceTree = "<group>"; };
		1080EBF42A1541C900397BE4 /* APIClientProtocol.swift */ = {isa = PBXFileReference; lastKnownFileType = sourcecode.swift; path = APIClientProtocol.swift; sourceTree = "<group>"; };
		1080EBF72A1541E800397BE4 /* NetworkConstants.swift */ = {isa = PBXFileReference; lastKnownFileType = sourcecode.swift; path = NetworkConstants.swift; sourceTree = "<group>"; };
		1080EBF92A15422400397BE4 /* APIClient.swift */ = {isa = PBXFileReference; lastKnownFileType = sourcecode.swift; path = APIClient.swift; sourceTree = "<group>"; };
		1080EBFB2A15431200397BE4 /* HomeServices.swift */ = {isa = PBXFileReference; lastKnownFileType = sourcecode.swift; path = HomeServices.swift; sourceTree = "<group>"; };
		1080EBFF2A154BB300397BE4 /* ViewControllerExt.swift */ = {isa = PBXFileReference; lastKnownFileType = sourcecode.swift; path = ViewControllerExt.swift; sourceTree = "<group>"; };
		1080EC012A154E7C00397BE4 /* ArticleCell.swift */ = {isa = PBXFileReference; lastKnownFileType = sourcecode.swift; path = ArticleCell.swift; sourceTree = "<group>"; };
		1080EC022A154E7C00397BE4 /* ArticleCell.xib */ = {isa = PBXFileReference; lastKnownFileType = file.xib; path = ArticleCell.xib; sourceTree = "<group>"; };
		221483A75779DC7FA27D2A74 /* Pods-TaskIOS-TaskIOSUITests.debug.xcconfig */ = {isa = PBXFileReference; includeInIndex = 1; lastKnownFileType = text.xcconfig; name = "Pods-TaskIOS-TaskIOSUITests.debug.xcconfig"; path = "Target Support Files/Pods-TaskIOS-TaskIOSUITests/Pods-TaskIOS-TaskIOSUITests.debug.xcconfig"; sourceTree = "<group>"; };
		72BB6A04D96D25DB6573C4C6 /* Pods_TaskIOSTests.framework */ = {isa = PBXFileReference; explicitFileType = wrapper.framework; includeInIndex = 0; path = Pods_TaskIOSTests.framework; sourceTree = BUILT_PRODUCTS_DIR; };
		7757A29542DC247BC110E2C2 /* Pods-TaskIOSTests.debug.xcconfig */ = {isa = PBXFileReference; includeInIndex = 1; lastKnownFileType = text.xcconfig; name = "Pods-TaskIOSTests.debug.xcconfig"; path = "Target Support Files/Pods-TaskIOSTests/Pods-TaskIOSTests.debug.xcconfig"; sourceTree = "<group>"; };
		8874C2E533248D48335EC9B7 /* Pods_TaskIOS_TaskIOSUITests.framework */ = {isa = PBXFileReference; explicitFileType = wrapper.framework; includeInIndex = 0; path = Pods_TaskIOS_TaskIOSUITests.framework; sourceTree = BUILT_PRODUCTS_DIR; };
		99225FAF9B09541383798FE8 /* Pods-TaskIOSTests.release.xcconfig */ = {isa = PBXFileReference; includeInIndex = 1; lastKnownFileType = text.xcconfig; name = "Pods-TaskIOSTests.release.xcconfig"; path = "Target Support Files/Pods-TaskIOSTests/Pods-TaskIOSTests.release.xcconfig"; sourceTree = "<group>"; };
		C015C277AC299DE15687A092 /* Pods_TaskIOS.framework */ = {isa = PBXFileReference; explicitFileType = wrapper.framework; includeInIndex = 0; path = Pods_TaskIOS.framework; sourceTree = BUILT_PRODUCTS_DIR; };
		CC241664CA5A406287DCA3E5 /* Pods-TaskIOS.release.xcconfig */ = {isa = PBXFileReference; includeInIndex = 1; lastKnownFileType = text.xcconfig; name = "Pods-TaskIOS.release.xcconfig"; path = "Target Support Files/Pods-TaskIOS/Pods-TaskIOS.release.xcconfig"; sourceTree = "<group>"; };
		E1925EE02C22FE9FAFB34174 /* Pods-TaskIOS.debug.xcconfig */ = {isa = PBXFileReference; includeInIndex = 1; lastKnownFileType = text.xcconfig; name = "Pods-TaskIOS.debug.xcconfig"; path = "Target Support Files/Pods-TaskIOS/Pods-TaskIOS.debug.xcconfig"; sourceTree = "<group>"; };
		F47C56A81830E19A8A4B04DE /* Pods-TaskIOS-TaskIOSUITests.release.xcconfig */ = {isa = PBXFileReference; includeInIndex = 1; lastKnownFileType = text.xcconfig; name = "Pods-TaskIOS-TaskIOSUITests.release.xcconfig"; path = "Target Support Files/Pods-TaskIOS-TaskIOSUITests/Pods-TaskIOS-TaskIOSUITests.release.xcconfig"; sourceTree = "<group>"; };
/* End PBXFileReference section */

/* Begin PBXFrameworksBuildPhase section */
		1080EBAC2A153F6D00397BE4 /* Frameworks */ = {
			isa = PBXFrameworksBuildPhase;
			buildActionMask = 2147483647;
			files = (
				F43EB9E0E1E8B061DA57C561 /* Pods_TaskIOS.framework in Frameworks */,
			);
			runOnlyForDeploymentPostprocessing = 0;
		};
		1080EBC52A153F6F00397BE4 /* Frameworks */ = {
			isa = PBXFrameworksBuildPhase;
			buildActionMask = 2147483647;
			files = (
				08896DCAFF1D58237D86ABCA /* Pods_TaskIOSTests.framework in Frameworks */,
			);
			runOnlyForDeploymentPostprocessing = 0;
		};
		1080EBCF2A153F6F00397BE4 /* Frameworks */ = {
			isa = PBXFrameworksBuildPhase;
			buildActionMask = 2147483647;
			files = (
				90C97DC0E1E03F5256EA7112 /* Pods_TaskIOS_TaskIOSUITests.framework in Frameworks */,
			);
			runOnlyForDeploymentPostprocessing = 0;
		};
/* End PBXFrameworksBuildPhase section */

/* Begin PBXGroup section */
		0519906894795EF3E854A381 /* Pods */ = {
			isa = PBXGroup;
			children = (
				E1925EE02C22FE9FAFB34174 /* Pods-TaskIOS.debug.xcconfig */,
				CC241664CA5A406287DCA3E5 /* Pods-TaskIOS.release.xcconfig */,
				221483A75779DC7FA27D2A74 /* Pods-TaskIOS-TaskIOSUITests.debug.xcconfig */,
				F47C56A81830E19A8A4B04DE /* Pods-TaskIOS-TaskIOSUITests.release.xcconfig */,
				7757A29542DC247BC110E2C2 /* Pods-TaskIOSTests.debug.xcconfig */,
				99225FAF9B09541383798FE8 /* Pods-TaskIOSTests.release.xcconfig */,
			);
			path = Pods;
			sourceTree = "<group>";
		};
		1080EBA62A153F6D00397BE4 = {
			isa = PBXGroup;
			children = (
				1080EBB12A153F6D00397BE4 /* TaskIOS */,
				1080EBCB2A153F6F00397BE4 /* TaskIOSTests */,
				1080EBD52A153F6F00397BE4 /* TaskIOSUITests */,
				1080EBB02A153F6D00397BE4 /* Products */,
				0519906894795EF3E854A381 /* Pods */,
				3D3582F4B09B404F29CEB95D /* Frameworks */,
			);
			sourceTree = "<group>";
		};
		1080EBB02A153F6D00397BE4 /* Products */ = {
			isa = PBXGroup;
			children = (
				1080EBAF2A153F6D00397BE4 /* TaskIOS.app */,
				1080EBC82A153F6F00397BE4 /* TaskIOSTests.xctest */,
				1080EBD22A153F6F00397BE4 /* TaskIOSUITests.xctest */,
			);
			name = Products;
			sourceTree = "<group>";
		};
		1080EBB12A153F6D00397BE4 /* TaskIOS */ = {
			isa = PBXGroup;
			children = (
				1080EBE52A15406700397BE4 /* Delegate */,
				1080EBE72A15408700397BE4 /* Assets */,
				1080EBEE2A15416E00397BE4 /* Utilities */,
				1080EBE62A15407300397BE4 /* UI */,
				1080EBE82A15409300397BE4 /* Scenes */,
				1080EBC32A153F6F00397BE4 /* Info.plist */,
				1080EBBB2A153F6D00397BE4 /* TaskIOS.xcdatamodeld */,
				1080EBFD2A154B8E00397BE4 /* Files */,
			);
			path = TaskIOS;
			sourceTree = "<group>";
		};
		1080EBCB2A153F6F00397BE4 /* TaskIOSTests */ = {
			isa = PBXGroup;
			children = (
				1080EBCC2A153F6F00397BE4 /* TaskIOSTests.swift */,
			);
			path = TaskIOSTests;
			sourceTree = "<group>";
		};
		1080EBD52A153F6F00397BE4 /* TaskIOSUITests */ = {
			isa = PBXGroup;
			children = (
				1080EBD62A153F6F00397BE4 /* TaskIOSUITests.swift */,
				1080EBD82A153F6F00397BE4 /* TaskIOSUITestsLaunchTests.swift */,
			);
			path = TaskIOSUITests;
			sourceTree = "<group>";
		};
		1080EBE52A15406700397BE4 /* Delegate */ = {
			isa = PBXGroup;
			children = (
				1080EBB22A153F6D00397BE4 /* AppDelegate.swift */,
				1080EBB42A153F6D00397BE4 /* SceneDelegate.swift */,
			);
			path = Delegate;
			sourceTree = "<group>";
		};
		1080EBE62A15407300397BE4 /* UI */ = {
			isa = PBXGroup;
			children = (
				1080EBC02A153F6F00397BE4 /* LaunchScreen.storyboard */,
				1080EBB82A153F6D00397BE4 /* Main.storyboard */,
			);
			path = UI;
			sourceTree = "<group>";
		};
		1080EBE72A15408700397BE4 /* Assets */ = {
			isa = PBXGroup;
			children = (
				1080EBBE2A153F6F00397BE4 /* Assets.xcassets */,
			);
			path = Assets;
			sourceTree = "<group>";
		};
		1080EBE82A15409300397BE4 /* Scenes */ = {
			isa = PBXGroup;
			children = (
				1080EBE92A15410E00397BE4 /* Cell */,
				1080EBB62A153F6D00397BE4 /* HomeVC.swift */,
				1080EBEC2A15413C00397BE4 /* HomeViewModel.swift */,
				1080EBEA2A15412F00397BE4 /* HomeVC+Model.swift */,
			);
			path = Scenes;
			sourceTree = "<group>";
		};
		1080EBE92A15410E00397BE4 /* Cell */ = {
			isa = PBXGroup;
			children = (
				1080EC012A154E7C00397BE4 /* ArticleCell.swift */,
				1080EC022A154E7C00397BE4 /* ArticleCell.xib */,
			);
			path = Cell;
			sourceTree = "<group>";
		};
		1080EBEE2A15416E00397BE4 /* Utilities */ = {
			isa = PBXGroup;
			children = (
				1080EBEF2A15417700397BE4 /* Network */,
			);
			path = Utilities;
			sourceTree = "<group>";
		};
		1080EBEF2A15417700397BE4 /* Network */ = {
			isa = PBXGroup;
			children = (
				1080EBF02A15418C00397BE4 /* GeneralProtocols */,
				1080EBF32A1541AA00397BE4 /* NetworkProtocols */,
				1080EBF72A1541E800397BE4 /* NetworkConstants.swift */,
				1080EBF92A15422400397BE4 /* APIClient.swift */,
				1080EBFB2A15431200397BE4 /* HomeServices.swift */,
			);
			path = Network;
			sourceTree = "<group>";
		};
		1080EBF02A15418C00397BE4 /* GeneralProtocols */ = {
			isa = PBXGroup;
			children = (
				1080EBF12A15419900397BE4 /* AlertSubscribtion.swift */,
			);
			path = GeneralProtocols;
			sourceTree = "<group>";
		};
		1080EBF32A1541AA00397BE4 /* NetworkProtocols */ = {
			isa = PBXGroup;
			children = (
				1080EBF42A1541C900397BE4 /* APIClientProtocol.swift */,
			);
			path = NetworkProtocols;
			sourceTree = "<group>";
		};
		1080EBFD2A154B8E00397BE4 /* Files */ = {
			isa = PBXGroup;
			children = (
				1080EBFE2A154BA100397BE4 /* Extensions */,
			);
			path = Files;
			sourceTree = "<group>";
		};
		1080EBFE2A154BA100397BE4 /* Extensions */ = {
			isa = PBXGroup;
			children = (
				1080EBFF2A154BB300397BE4 /* ViewControllerExt.swift */,
			);
			path = Extensions;
			sourceTree = "<group>";
		};
		3D3582F4B09B404F29CEB95D /* Frameworks */ = {
			isa = PBXGroup;
			children = (
				C015C277AC299DE15687A092 /* Pods_TaskIOS.framework */,
				8874C2E533248D48335EC9B7 /* Pods_TaskIOS_TaskIOSUITests.framework */,
				72BB6A04D96D25DB6573C4C6 /* Pods_TaskIOSTests.framework */,
			);
			name = Frameworks;
			sourceTree = "<group>";
		};
/* End PBXGroup section */

/* Begin PBXNativeTarget section */
		1080EBAE2A153F6D00397BE4 /* TaskIOS */ = {
			isa = PBXNativeTarget;
			buildConfigurationList = 1080EBDC2A153F6F00397BE4 /* Build configuration list for PBXNativeTarget "TaskIOS" */;
			buildPhases = (
				D8A417DEC16FB54698740324 /* [CP] Check Pods Manifest.lock */,
				1080EBAB2A153F6D00397BE4 /* Sources */,
				1080EBAC2A153F6D00397BE4 /* Frameworks */,
				1080EBAD2A153F6D00397BE4 /* Resources */,
				E808C9F0BDBA0972D33BE606 /* [CP] Embed Pods Frameworks */,
			);
			buildRules = (
			);
			dependencies = (
			);
			name = TaskIOS;
			productName = TaskIOS;
			productReference = 1080EBAF2A153F6D00397BE4 /* TaskIOS.app */;
			productType = "com.apple.product-type.application";
		};
		1080EBC72A153F6F00397BE4 /* TaskIOSTests */ = {
			isa = PBXNativeTarget;
			buildConfigurationList = 1080EBDF2A153F6F00397BE4 /* Build configuration list for PBXNativeTarget "TaskIOSTests" */;
			buildPhases = (
				57510063A7A2C1B4AE54AA72 /* [CP] Check Pods Manifest.lock */,
				1080EBC42A153F6F00397BE4 /* Sources */,
				1080EBC52A153F6F00397BE4 /* Frameworks */,
				1080EBC62A153F6F00397BE4 /* Resources */,
			);
			buildRules = (
			);
			dependencies = (
				1080EBCA2A153F6F00397BE4 /* PBXTargetDependency */,
			);
			name = TaskIOSTests;
			productName = TaskIOSTests;
			productReference = 1080EBC82A153F6F00397BE4 /* TaskIOSTests.xctest */;
			productType = "com.apple.product-type.bundle.unit-test";
		};
		1080EBD12A153F6F00397BE4 /* TaskIOSUITests */ = {
			isa = PBXNativeTarget;
			buildConfigurationList = 1080EBE22A153F6F00397BE4 /* Build configuration list for PBXNativeTarget "TaskIOSUITests" */;
			buildPhases = (
				296D595194C2FC74E0023208 /* [CP] Check Pods Manifest.lock */,
				1080EBCE2A153F6F00397BE4 /* Sources */,
				1080EBCF2A153F6F00397BE4 /* Frameworks */,
				1080EBD02A153F6F00397BE4 /* Resources */,
				4DD47CA25DB57C42A71FA4F6 /* [CP] Embed Pods Frameworks */,
			);
			buildRules = (
			);
			dependencies = (
				1080EBD42A153F6F00397BE4 /* PBXTargetDependency */,
			);
			name = TaskIOSUITests;
			productName = TaskIOSUITests;
			productReference = 1080EBD22A153F6F00397BE4 /* TaskIOSUITests.xctest */;
			productType = "com.apple.product-type.bundle.ui-testing";
		};
/* End PBXNativeTarget section */

/* Begin PBXProject section */
		1080EBA72A153F6D00397BE4 /* Project object */ = {
			isa = PBXProject;
			attributes = {
				BuildIndependentTargetsInParallel = 1;
				LastSwiftUpdateCheck = 1430;
				LastUpgradeCheck = 1430;
				TargetAttributes = {
					1080EBAE2A153F6D00397BE4 = {
						CreatedOnToolsVersion = 14.3;
					};
					1080EBC72A153F6F00397BE4 = {
						CreatedOnToolsVersion = 14.3;
						TestTargetID = 1080EBAE2A153F6D00397BE4;
					};
					1080EBD12A153F6F00397BE4 = {
						CreatedOnToolsVersion = 14.3;
						TestTargetID = 1080EBAE2A153F6D00397BE4;
					};
				};
			};
			buildConfigurationList = 1080EBAA2A153F6D00397BE4 /* Build configuration list for PBXProject "TaskIOS" */;
			compatibilityVersion = "Xcode 14.0";
			developmentRegion = en;
			hasScannedForEncodings = 0;
			knownRegions = (
				en,
				Base,
			);
			mainGroup = 1080EBA62A153F6D00397BE4;
			productRefGroup = 1080EBB02A153F6D00397BE4 /* Products */;
			projectDirPath = "";
			projectRoot = "";
			targets = (
				1080EBAE2A153F6D00397BE4 /* TaskIOS */,
				1080EBC72A153F6F00397BE4 /* TaskIOSTests */,
				1080EBD12A153F6F00397BE4 /* TaskIOSUITests */,
			);
		};
/* End PBXProject section */

/* Begin PBXResourcesBuildPhase section */
		1080EBAD2A153F6D00397BE4 /* Resources */ = {
			isa = PBXResourcesBuildPhase;
			buildActionMask = 2147483647;
			files = (
				1080EC042A154E7C00397BE4 /* ArticleCell.xib in Resources */,
				1080EBC22A153F6F00397BE4 /* LaunchScreen.storyboard in Resources */,
				1080EBBF2A153F6F00397BE4 /* Assets.xcassets in Resources */,
				1080EBBA2A153F6D00397BE4 /* Main.storyboard in Resources */,
			);
			runOnlyForDeploymentPostprocessing = 0;
		};
		1080EBC62A153F6F00397BE4 /* Resources */ = {
			isa = PBXResourcesBuildPhase;
			buildActionMask = 2147483647;
			files = (
			);
			runOnlyForDeploymentPostprocessing = 0;
		};
		1080EBD02A153F6F00397BE4 /* Resources */ = {
			isa = PBXResourcesBuildPhase;
			buildActionMask = 2147483647;
			files = (
			);
			runOnlyForDeploymentPostprocessing = 0;
		};
/* End PBXResourcesBuildPhase section */

/* Begin PBXShellScriptBuildPhase section */
		296D595194C2FC74E0023208 /* [CP] Check Pods Manifest.lock */ = {
			isa = PBXShellScriptBuildPhase;
			buildActionMask = 2147483647;
			files = (
			);
			inputFileListPaths = (
			);
			inputPaths = (
				"${PODS_PODFILE_DIR_PATH}/Podfile.lock",
				"${PODS_ROOT}/Manifest.lock",
			);
			name = "[CP] Check Pods Manifest.lock";
			outputFileListPaths = (
			);
			outputPaths = (
				"$(DERIVED_FILE_DIR)/Pods-TaskIOS-TaskIOSUITests-checkManifestLockResult.txt",
			);
			runOnlyForDeploymentPostprocessing = 0;
			shellPath = /bin/sh;
			shellScript = "diff \"${PODS_PODFILE_DIR_PATH}/Podfile.lock\" \"${PODS_ROOT}/Manifest.lock\" > /dev/null\nif [ $? != 0 ] ; then\n    # print error to STDERR\n    echo \"error: The sandbox is not in sync with the Podfile.lock. Run 'pod install' or update your CocoaPods installation.\" >&2\n    exit 1\nfi\n# This output is used by Xcode 'outputs' to avoid re-running this script phase.\necho \"SUCCESS\" > \"${SCRIPT_OUTPUT_FILE_0}\"\n";
			showEnvVarsInLog = 0;
		};
		4DD47CA25DB57C42A71FA4F6 /* [CP] Embed Pods Frameworks */ = {
			isa = PBXShellScriptBuildPhase;
			buildActionMask = 2147483647;
			files = (
			);
			inputFileListPaths = (
				"${PODS_ROOT}/Target Support Files/Pods-TaskIOS-TaskIOSUITests/Pods-TaskIOS-TaskIOSUITests-frameworks-${CONFIGURATION}-input-files.xcfilelist",
			);
			name = "[CP] Embed Pods Frameworks";
			outputFileListPaths = (
				"${PODS_ROOT}/Target Support Files/Pods-TaskIOS-TaskIOSUITests/Pods-TaskIOS-TaskIOSUITests-frameworks-${CONFIGURATION}-output-files.xcfilelist",
			);
			runOnlyForDeploymentPostprocessing = 0;
			shellPath = /bin/sh;
			shellScript = "\"${PODS_ROOT}/Target Support Files/Pods-TaskIOS-TaskIOSUITests/Pods-TaskIOS-TaskIOSUITests-frameworks.sh\"\n";
			showEnvVarsInLog = 0;
		};
		57510063A7A2C1B4AE54AA72 /* [CP] Check Pods Manifest.lock */ = {
			isa = PBXShellScriptBuildPhase;
			buildActionMask = 2147483647;
			files = (
			);
			inputFileListPaths = (
			);
			inputPaths = (
				"${PODS_PODFILE_DIR_PATH}/Podfile.lock",
				"${PODS_ROOT}/Manifest.lock",
			);
			name = "[CP] Check Pods Manifest.lock";
			outputFileListPaths = (
			);
			outputPaths = (
				"$(DERIVED_FILE_DIR)/Pods-TaskIOSTests-checkManifestLockResult.txt",
			);
			runOnlyForDeploymentPostprocessing = 0;
			shellPath = /bin/sh;
			shellScript = "diff \"${PODS_PODFILE_DIR_PATH}/Podfile.lock\" \"${PODS_ROOT}/Manifest.lock\" > /dev/null\nif [ $? != 0 ] ; then\n    # print error to STDERR\n    echo \"error: The sandbox is not in sync with the Podfile.lock. Run 'pod install' or update your CocoaPods installation.\" >&2\n    exit 1\nfi\n# This output is used by Xcode 'outputs' to avoid re-running this script phase.\necho \"SUCCESS\" > \"${SCRIPT_OUTPUT_FILE_0}\"\n";
			showEnvVarsInLog = 0;
		};
		D8A417DEC16FB54698740324 /* [CP] Check Pods Manifest.lock */ = {
			isa = PBXShellScriptBuildPhase;
			buildActionMask = 2147483647;
			files = (
			);
			inputFileListPaths = (
			);
			inputPaths = (
				"${PODS_PODFILE_DIR_PATH}/Podfile.lock",
				"${PODS_ROOT}/Manifest.lock",
			);
			name = "[CP] Check Pods Manifest.lock";
			outputFileListPaths = (
			);
			outputPaths = (
				"$(DERIVED_FILE_DIR)/Pods-TaskIOS-checkManifestLockResult.txt",
			);
			runOnlyForDeploymentPostprocessing = 0;
			shellPath = /bin/sh;
			shellScript = "diff \"${PODS_PODFILE_DIR_PATH}/Podfile.lock\" \"${PODS_ROOT}/Manifest.lock\" > /dev/null\nif [ $? != 0 ] ; then\n    # print error to STDERR\n    echo \"error: The sandbox is not in sync with the Podfile.lock. Run 'pod install' or update your CocoaPods installation.\" >&2\n    exit 1\nfi\n# This output is used by Xcode 'outputs' to avoid re-running this script phase.\necho \"SUCCESS\" > \"${SCRIPT_OUTPUT_FILE_0}\"\n";
			showEnvVarsInLog = 0;
		};
		E808C9F0BDBA0972D33BE606 /* [CP] Embed Pods Frameworks */ = {
			isa = PBXShellScriptBuildPhase;
			buildActionMask = 2147483647;
			files = (
			);
			inputFileListPaths = (
				"${PODS_ROOT}/Target Support Files/Pods-TaskIOS/Pods-TaskIOS-frameworks-${CONFIGURATION}-input-files.xcfilelist",
			);
			name = "[CP] Embed Pods Frameworks";
			outputFileListPaths = (
				"${PODS_ROOT}/Target Support Files/Pods-TaskIOS/Pods-TaskIOS-frameworks-${CONFIGURATION}-output-files.xcfilelist",
			);
			runOnlyForDeploymentPostprocessing = 0;
			shellPath = /bin/sh;
			shellScript = "\"${PODS_ROOT}/Target Support Files/Pods-TaskIOS/Pods-TaskIOS-frameworks.sh\"\n";
			showEnvVarsInLog = 0;
		};
/* End PBXShellScriptBuildPhase section */

/* Begin PBXSourcesBuildPhase section */
		1080EBAB2A153F6D00397BE4 /* Sources */ = {
			isa = PBXSourcesBuildPhase;
			buildActionMask = 2147483647;
			files = (
				1080EBF82A1541E800397BE4 /* NetworkConstants.swift in Sources */,
				1080EBFC2A15431200397BE4 /* HomeServices.swift in Sources */,
				1080EBEB2A15412F00397BE4 /* HomeVC+Model.swift in Sources */,
				1080EBED2A15413C00397BE4 /* HomeViewModel.swift in Sources */,
				1080EBFA2A15422400397BE4 /* APIClient.swift in Sources */,
				1080EBB72A153F6D00397BE4 /* HomeVC.swift in Sources */,
				1080EBB32A153F6D00397BE4 /* AppDelegate.swift in Sources */,
				1080EC032A154E7C00397BE4 /* ArticleCell.swift in Sources */,
				1080EBF22A15419900397BE4 /* AlertSubscribtion.swift in Sources */,
				1080EBF52A1541C900397BE4 /* APIClientProtocol.swift in Sources */,
				1080EBBD2A153F6D00397BE4 /* TaskIOS.xcdatamodeld in Sources */,
				1080EC002A154BB300397BE4 /* ViewControllerExt.swift in Sources */,
				1080EBB52A153F6D00397BE4 /* SceneDelegate.swift in Sources */,
			);
			runOnlyForDeploymentPostprocessing = 0;
		};
		1080EBC42A153F6F00397BE4 /* Sources */ = {
			isa = PBXSourcesBuildPhase;
			buildActionMask = 2147483647;
			files = (
				1080EBCD2A153F6F00397BE4 /* TaskIOSTests.swift in Sources */,
			);
			runOnlyForDeploymentPostprocessing = 0;
		};
		1080EBCE2A153F6F00397BE4 /* Sources */ = {
			isa = PBXSourcesBuildPhase;
			buildActionMask = 2147483647;
			files = (
				1080EBD72A153F6F00397BE4 /* TaskIOSUITests.swift in Sources */,
				1080EBD92A153F6F00397BE4 /* TaskIOSUITestsLaunchTests.swift in Sources */,
			);
			runOnlyForDeploymentPostprocessing = 0;
		};
/* End PBXSourcesBuildPhase section */

/* Begin PBXTargetDependency section */
		1080EBCA2A153F6F00397BE4 /* PBXTargetDependency */ = {
			isa = PBXTargetDependency;
			target = 1080EBAE2A153F6D00397BE4 /* TaskIOS */;
			targetProxy = 1080EBC92A153F6F00397BE4 /* PBXContainerItemProxy */;
		};
		1080EBD42A153F6F00397BE4 /* PBXTargetDependency */ = {
			isa = PBXTargetDependency;
			target = 1080EBAE2A153F6D00397BE4 /* TaskIOS */;
			targetProxy = 1080EBD32A153F6F00397BE4 /* PBXContainerItemProxy */;
		};
/* End PBXTargetDependency section */

/* Begin PBXVariantGroup section */
		1080EBB82A153F6D00397BE4 /* Main.storyboard */ = {
			isa = PBXVariantGroup;
			children = (
				1080EBB92A153F6D00397BE4 /* Base */,
			);
			name = Main.storyboard;
			sourceTree = "<group>";
		};
		1080EBC02A153F6F00397BE4 /* LaunchScreen.storyboard */ = {
			isa = PBXVariantGroup;
			children = (
				1080EBC12A153F6F00397BE4 /* Base */,
			);
			name = LaunchScreen.storyboard;
			sourceTree = "<group>";
		};
/* End PBXVariantGroup section */

/* Begin XCBuildConfiguration section */
		1080EBDA2A153F6F00397BE4 /* Debug */ = {
			isa = XCBuildConfiguration;
			buildSettings = {
				ALWAYS_SEARCH_USER_PATHS = NO;
				CLANG_ANALYZER_NONNULL = YES;
				CLANG_ANALYZER_NUMBER_OBJECT_CONVERSION = YES_AGGRESSIVE;
				CLANG_CXX_LANGUAGE_STANDARD = "gnu++20";
				CLANG_ENABLE_MODULES = YES;
				CLANG_ENABLE_OBJC_ARC = YES;
				CLANG_ENABLE_OBJC_WEAK = YES;
				CLANG_WARN_BLOCK_CAPTURE_AUTORELEASING = YES;
				CLANG_WARN_BOOL_CONVERSION = YES;
				CLANG_WARN_COMMA = YES;
				CLANG_WARN_CONSTANT_CONVERSION = YES;
				CLANG_WARN_DEPRECATED_OBJC_IMPLEMENTATIONS = YES;
				CLANG_WARN_DIRECT_OBJC_ISA_USAGE = YES_ERROR;
				CLANG_WARN_DOCUMENTATION_COMMENTS = YES;
				CLANG_WARN_EMPTY_BODY = YES;
				CLANG_WARN_ENUM_CONVERSION = YES;
				CLANG_WARN_INFINITE_RECURSION = YES;
				CLANG_WARN_INT_CONVERSION = YES;
				CLANG_WARN_NON_LITERAL_NULL_CONVERSION = YES;
				CLANG_WARN_OBJC_IMPLICIT_RETAIN_SELF = YES;
				CLANG_WARN_OBJC_LITERAL_CONVERSION = YES;
				CLANG_WARN_OBJC_ROOT_CLASS = YES_ERROR;
				CLANG_WARN_QUOTED_INCLUDE_IN_FRAMEWORK_HEADER = YES;
				CLANG_WARN_RANGE_LOOP_ANALYSIS = YES;
				CLANG_WARN_STRICT_PROTOTYPES = YES;
				CLANG_WARN_SUSPICIOUS_MOVE = YES;
				CLANG_WARN_UNGUARDED_AVAILABILITY = YES_AGGRESSIVE;
				CLANG_WARN_UNREACHABLE_CODE = YES;
				CLANG_WARN__DUPLICATE_METHOD_MATCH = YES;
				COPY_PHASE_STRIP = NO;
				DEBUG_INFORMATION_FORMAT = dwarf;
				ENABLE_STRICT_OBJC_MSGSEND = YES;
				ENABLE_TESTABILITY = YES;
				GCC_C_LANGUAGE_STANDARD = gnu11;
				GCC_DYNAMIC_NO_PIC = NO;
				GCC_NO_COMMON_BLOCKS = YES;
				GCC_OPTIMIZATION_LEVEL = 0;
				GCC_PREPROCESSOR_DEFINITIONS = (
					"DEBUG=1",
					"$(inherited)",
				);
				GCC_WARN_64_TO_32_BIT_CONVERSION = YES;
				GCC_WARN_ABOUT_RETURN_TYPE = YES_ERROR;
				GCC_WARN_UNDECLARED_SELECTOR = YES;
				GCC_WARN_UNINITIALIZED_AUTOS = YES_AGGRESSIVE;
				GCC_WARN_UNUSED_FUNCTION = YES;
				GCC_WARN_UNUSED_VARIABLE = YES;
				IPHONEOS_DEPLOYMENT_TARGET = 16.4;
				MTL_ENABLE_DEBUG_INFO = INCLUDE_SOURCE;
				MTL_FAST_MATH = YES;
				ONLY_ACTIVE_ARCH = YES;
				SDKROOT = iphoneos;
				SWIFT_ACTIVE_COMPILATION_CONDITIONS = DEBUG;
				SWIFT_OPTIMIZATION_LEVEL = "-Onone";
			};
			name = Debug;
		};
		1080EBDB2A153F6F00397BE4 /* Release */ = {
			isa = XCBuildConfiguration;
			buildSettings = {
				ALWAYS_SEARCH_USER_PATHS = NO;
				CLANG_ANALYZER_NONNULL = YES;
				CLANG_ANALYZER_NUMBER_OBJECT_CONVERSION = YES_AGGRESSIVE;
				CLANG_CXX_LANGUAGE_STANDARD = "gnu++20";
				CLANG_ENABLE_MODULES = YES;
				CLANG_ENABLE_OBJC_ARC = YES;
				CLANG_ENABLE_OBJC_WEAK = YES;
				CLANG_WARN_BLOCK_CAPTURE_AUTORELEASING = YES;
				CLANG_WARN_BOOL_CONVERSION = YES;
				CLANG_WARN_COMMA = YES;
				CLANG_WARN_CONSTANT_CONVERSION = YES;
				CLANG_WARN_DEPRECATED_OBJC_IMPLEMENTATIONS = YES;
				CLANG_WARN_DIRECT_OBJC_ISA_USAGE = YES_ERROR;
				CLANG_WARN_DOCUMENTATION_COMMENTS = YES;
				CLANG_WARN_EMPTY_BODY = YES;
				CLANG_WARN_ENUM_CONVERSION = YES;
				CLANG_WARN_INFINITE_RECURSION = YES;
				CLANG_WARN_INT_CONVERSION = YES;
				CLANG_WARN_NON_LITERAL_NULL_CONVERSION = YES;
				CLANG_WARN_OBJC_IMPLICIT_RETAIN_SELF = YES;
				CLANG_WARN_OBJC_LITERAL_CONVERSION = YES;
				CLANG_WARN_OBJC_ROOT_CLASS = YES_ERROR;
				CLANG_WARN_QUOTED_INCLUDE_IN_FRAMEWORK_HEADER = YES;
				CLANG_WARN_RANGE_LOOP_ANALYSIS = YES;
				CLANG_WARN_STRICT_PROTOTYPES = YES;
				CLANG_WARN_SUSPICIOUS_MOVE = YES;
				CLANG_WARN_UNGUARDED_AVAILABILITY = YES_AGGRESSIVE;
				CLANG_WARN_UNREACHABLE_CODE = YES;
				CLANG_WARN__DUPLICATE_METHOD_MATCH = YES;
				COPY_PHASE_STRIP = NO;
				DEBUG_INFORMATION_FORMAT = "dwarf-with-dsym";
				ENABLE_NS_ASSERTIONS = NO;
				ENABLE_STRICT_OBJC_MSGSEND = YES;
				GCC_C_LANGUAGE_STANDARD = gnu11;
				GCC_NO_COMMON_BLOCKS = YES;
				GCC_WARN_64_TO_32_BIT_CONVERSION = YES;
				GCC_WARN_ABOUT_RETURN_TYPE = YES_ERROR;
				GCC_WARN_UNDECLARED_SELECTOR = YES;
				GCC_WARN_UNINITIALIZED_AUTOS = YES_AGGRESSIVE;
				GCC_WARN_UNUSED_FUNCTION = YES;
				GCC_WARN_UNUSED_VARIABLE = YES;
				IPHONEOS_DEPLOYMENT_TARGET = 16.4;
				MTL_ENABLE_DEBUG_INFO = NO;
				MTL_FAST_MATH = YES;
				SDKROOT = iphoneos;
				SWIFT_COMPILATION_MODE = wholemodule;
				SWIFT_OPTIMIZATION_LEVEL = "-O";
				VALIDATE_PRODUCT = YES;
			};
			name = Release;
		};
		1080EBDD2A153F6F00397BE4 /* Debug */ = {
			isa = XCBuildConfiguration;
			baseConfigurationReference = E1925EE02C22FE9FAFB34174 /* Pods-TaskIOS.debug.xcconfig */;
			buildSettings = {
				ASSETCATALOG_COMPILER_APPICON_NAME = AppIcon;
				ASSETCATALOG_COMPILER_GLOBAL_ACCENT_COLOR_NAME = AccentColor;
				CODE_SIGN_STYLE = Automatic;
				CURRENT_PROJECT_VERSION = 1;
				DEVELOPMENT_TEAM = MK3YP874FR;
				GENERATE_INFOPLIST_FILE = YES;
				INFOPLIST_FILE = TaskIOS/Info.plist;
				INFOPLIST_KEY_UIApplicationSupportsIndirectInputEvents = YES;
				INFOPLIST_KEY_UILaunchStoryboardName = LaunchScreen;
				INFOPLIST_KEY_UIMainStoryboardFile = Main;
				INFOPLIST_KEY_UISupportedInterfaceOrientations_iPad = "UIInterfaceOrientationPortrait UIInterfaceOrientationPortraitUpsideDown UIInterfaceOrientationLandscapeLeft UIInterfaceOrientationLandscapeRight";
				INFOPLIST_KEY_UISupportedInterfaceOrientations_iPhone = "UIInterfaceOrientationPortrait UIInterfaceOrientationLandscapeLeft UIInterfaceOrientationLandscapeRight";
				LD_RUNPATH_SEARCH_PATHS = (
					"$(inherited)",
					"@executable_path/Frameworks",
				);
				MARKETING_VERSION = 1.0;
				PRODUCT_BUNDLE_IDENTIFIER = muna.TaskIOS;
				PRODUCT_NAME = "$(TARGET_NAME)";
				SWIFT_EMIT_LOC_STRINGS = YES;
				SWIFT_VERSION = 5.0;
				TARGETED_DEVICE_FAMILY = "1,2";
			};
			name = Debug;
		};
		1080EBDE2A153F6F00397BE4 /* Release */ = {
			isa = XCBuildConfiguration;
			baseConfigurationReference = CC241664CA5A406287DCA3E5 /* Pods-TaskIOS.release.xcconfig */;
			buildSettings = {
				ASSETCATALOG_COMPILER_APPICON_NAME = AppIcon;
				ASSETCATALOG_COMPILER_GLOBAL_ACCENT_COLOR_NAME = AccentColor;
				CODE_SIGN_STYLE = Automatic;
				CURRENT_PROJECT_VERSION = 1;
				DEVELOPMENT_TEAM = MK3YP874FR;
				GENERATE_INFOPLIST_FILE = YES;
				INFOPLIST_FILE = TaskIOS/Info.plist;
				INFOPLIST_KEY_UIApplicationSupportsIndirectInputEvents = YES;
				INFOPLIST_KEY_UILaunchStoryboardName = LaunchScreen;
				INFOPLIST_KEY_UIMainStoryboardFile = Main;
				INFOPLIST_KEY_UISupportedInterfaceOrientations_iPad = "UIInterfaceOrientationPortrait UIInterfaceOrientationPortraitUpsideDown UIInterfaceOrientationLandscapeLeft UIInterfaceOrientationLandscapeRight";
				INFOPLIST_KEY_UISupportedInterfaceOrientations_iPhone = "UIInterfaceOrientationPortrait UIInterfaceOrientationLandscapeLeft UIInterfaceOrientationLandscapeRight";
				LD_RUNPATH_SEARCH_PATHS = (
					"$(inherited)",
					"@executable_path/Frameworks",
				);
				MARKETING_VERSION = 1.0;
				PRODUCT_BUNDLE_IDENTIFIER = muna.TaskIOS;
				PRODUCT_NAME = "$(TARGET_NAME)";
				SWIFT_EMIT_LOC_STRINGS = YES;
				SWIFT_VERSION = 5.0;
				TARGETED_DEVICE_FAMILY = "1,2";
			};
			name = Release;
		};
		1080EBE02A153F6F00397BE4 /* Debug */ = {
			isa = XCBuildConfiguration;
			baseConfigurationReference = 7757A29542DC247BC110E2C2 /* Pods-TaskIOSTests.debug.xcconfig */;
			buildSettings = {
				ALWAYS_EMBED_SWIFT_STANDARD_LIBRARIES = YES;
				BUNDLE_LOADER = "$(TEST_HOST)";
				CODE_SIGN_STYLE = Automatic;
				CURRENT_PROJECT_VERSION = 1;
				DEVELOPMENT_TEAM = MK3YP874FR;
				GENERATE_INFOPLIST_FILE = YES;
				IPHONEOS_DEPLOYMENT_TARGET = 16.4;
				MARKETING_VERSION = 1.0;
				PRODUCT_BUNDLE_IDENTIFIER = muna.TaskIOSTests;
				PRODUCT_NAME = "$(TARGET_NAME)";
				SWIFT_EMIT_LOC_STRINGS = NO;
				SWIFT_VERSION = 5.0;
				TARGETED_DEVICE_FAMILY = "1,2";
				TEST_HOST = "$(BUILT_PRODUCTS_DIR)/TaskIOS.app/$(BUNDLE_EXECUTABLE_FOLDER_PATH)/TaskIOS";
			};
			name = Debug;
		};
		1080EBE12A153F6F00397BE4 /* Release */ = {
			isa = XCBuildConfiguration;
			baseConfigurationReference = 99225FAF9B09541383798FE8 /* Pods-TaskIOSTests.release.xcconfig */;
			buildSettings = {
				ALWAYS_EMBED_SWIFT_STANDARD_LIBRARIES = YES;
				BUNDLE_LOADER = "$(TEST_HOST)";
				CODE_SIGN_STYLE = Automatic;
				CURRENT_PROJECT_VERSION = 1;
				DEVELOPMENT_TEAM = MK3YP874FR;
				GENERATE_INFOPLIST_FILE = YES;
				IPHONEOS_DEPLOYMENT_TARGET = 16.4;
				MARKETING_VERSION = 1.0;
				PRODUCT_BUNDLE_IDENTIFIER = muna.TaskIOSTests;
				PRODUCT_NAME = "$(TARGET_NAME)";
				SWIFT_EMIT_LOC_STRINGS = NO;
				SWIFT_VERSION = 5.0;
				TARGETED_DEVICE_FAMILY = "1,2";
				TEST_HOST = "$(BUILT_PRODUCTS_DIR)/TaskIOS.app/$(BUNDLE_EXECUTABLE_FOLDER_PATH)/TaskIOS";
			};
			name = Release;
		};
		1080EBE32A153F6F00397BE4 /* Debug */ = {
			isa = XCBuildConfiguration;
			baseConfigurationReference = 221483A75779DC7FA27D2A74 /* Pods-TaskIOS-TaskIOSUITests.debug.xcconfig */;
			buildSettings = {
				ALWAYS_EMBED_SWIFT_STANDARD_LIBRARIES = YES;
				CODE_SIGN_STYLE = Automatic;
				CURRENT_PROJECT_VERSION = 1;
				DEVELOPMENT_TEAM = MK3YP874FR;
				GENERATE_INFOPLIST_FILE = YES;
				MARKETING_VERSION = 1.0;
				PRODUCT_BUNDLE_IDENTIFIER = muna.TaskIOSUITests;
				PRODUCT_NAME = "$(TARGET_NAME)";
				SWIFT_EMIT_LOC_STRINGS = NO;
				SWIFT_VERSION = 5.0;
				TARGETED_DEVICE_FAMILY = "1,2";
				TEST_TARGET_NAME = TaskIOS;
			};
			name = Debug;
		};
		1080EBE42A153F6F00397BE4 /* Release */ = {
			isa = XCBuildConfiguration;
			baseConfigurationReference = F47C56A81830E19A8A4B04DE /* Pods-TaskIOS-TaskIOSUITests.release.xcconfig */;
			buildSettings = {
				ALWAYS_EMBED_SWIFT_STANDARD_LIBRARIES = YES;
				CODE_SIGN_STYLE = Automatic;
				CURRENT_PROJECT_VERSION = 1;
				DEVELOPMENT_TEAM = MK3YP874FR;
				GENERATE_INFOPLIST_FILE = YES;
				MARKETING_VERSION = 1.0;
				PRODUCT_BUNDLE_IDENTIFIER = muna.TaskIOSUITests;
				PRODUCT_NAME = "$(TARGET_NAME)";
				SWIFT_EMIT_LOC_STRINGS = NO;
				SWIFT_VERSION = 5.0;
				TARGETED_DEVICE_FAMILY = "1,2";
				TEST_TARGET_NAME = TaskIOS;
			};
			name = Release;
		};
/* End XCBuildConfiguration section */

/* Begin XCConfigurationList section */
		1080EBAA2A153F6D00397BE4 /* Build configuration list for PBXProject "TaskIOS" */ = {
			isa = XCConfigurationList;
			buildConfigurations = (
				1080EBDA2A153F6F00397BE4 /* Debug */,
				1080EBDB2A153F6F00397BE4 /* Release */,
			);
			defaultConfigurationIsVisible = 0;
			defaultConfigurationName = Release;
		};
		1080EBDC2A153F6F00397BE4 /* Build configuration list for PBXNativeTarget "TaskIOS" */ = {
			isa = XCConfigurationList;
			buildConfigurations = (
				1080EBDD2A153F6F00397BE4 /* Debug */,
				1080EBDE2A153F6F00397BE4 /* Release */,
			);
			defaultConfigurationIsVisible = 0;
			defaultConfigurationName = Release;
		};
		1080EBDF2A153F6F00397BE4 /* Build configuration list for PBXNativeTarget "TaskIOSTests" */ = {
			isa = XCConfigurationList;
			buildConfigurations = (
				1080EBE02A153F6F00397BE4 /* Debug */,
				1080EBE12A153F6F00397BE4 /* Release */,
			);
			defaultConfigurationIsVisible = 0;
			defaultConfigurationName = Release;
		};
		1080EBE22A153F6F00397BE4 /* Build configuration list for PBXNativeTarget "TaskIOSUITests" */ = {
			isa = XCConfigurationList;
			buildConfigurations = (
				1080EBE32A153F6F00397BE4 /* Debug */,
				1080EBE42A153F6F00397BE4 /* Release */,
			);
			defaultConfigurationIsVisible = 0;
			defaultConfigurationName = Release;
		};
/* End XCConfigurationList section */

/* Begin XCVersionGroup section */
		1080EBBB2A153F6D00397BE4 /* TaskIOS.xcdatamodeld */ = {
			isa = XCVersionGroup;
			children = (
				1080EBBC2A153F6D00397BE4 /* TaskIOS.xcdatamodel */,
			);
			currentVersion = 1080EBBC2A153F6D00397BE4 /* TaskIOS.xcdatamodel */;
			path = TaskIOS.xcdatamodeld;
			sourceTree = "<group>";
			versionGroupType = wrapper.xcdatamodel;
		};
/* End XCVersionGroup section */
	};
	rootObject = 1080EBA72A153F6D00397BE4 /* Project object */;
}
